
Microsoft Visual Studio Solution File, Format Version 12.00
# Visual Studio Version 17
VisualStudioVersion = 17.2.32616.157
MinimumVisualStudioVersion = 10.0.40219.1
Project("{FAE04EC0-301F-11D3-BF4B-00C04F79EFBC}") = "TempDegreetoFarenheit", "TempDegreetoFarenheit\TempDegreetoFarenheit.csproj", "{B94FC609-43BD-4BD6-9759-2F15BA89E12F}"
EndProject
Global
	GlobalSection(SolutionConfigurationPlatforms) = preSolution
		Debug|Any CPU = Debug|Any CPU
		Release|Any CPU = Release|Any CPU
	EndGlobalSection
	GlobalSection(ProjectConfigurationPlatforms) = postSolution
		{B94FC609-43BD-4BD6-9759-2F15BA89E12F}.Debug|Any CPU.ActiveCfg = Debug|Any CPU
		{B94FC609-43BD-4BD6-9759-2F15BA89E12F}.Debug|Any CPU.Build.0 = Debug|Any CPU
		{B94FC609-43BD-4BD6-9759-2F15BA89E12F}.Release|Any CPU.ActiveCfg = Release|Any CPU
		{B94FC609-43BD-4BD6-9759-2F15BA89E12F}.Release|Any CPU.Build.0 = Release|Any CPU
	EndGlobalSection
	GlobalSection(SolutionProperties) = preSolution
		HideSolutionNode = FALSE
	EndGlobalSection
	GlobalSection(ExtensibilityGlobals) = postSolution
		SolutionGuid = {F5584F9F-B27D-4D88-95B8-C7FAB076D41D}
	EndGlobalSection
EndGlobal
